
Microsoft Visual Studio Solution File, Format Version 12.00
# Visual Studio 14
VisualStudioVersion = 14.0.25420.1
MinimumVisualStudioVersion = 10.0.40219.1
Project("{FAE04EC0-301F-11D3-BF4B-00C04F79EFBC}") = "IISIntegration", "IISIntegration\IISIntegration.csproj", "{EB7C453D-2AA3-4615-9B02-645564365B55}"
EndProject
Project("{FAE04EC0-301F-11D3-BF4B-00C04F79EFBC}") = "Tester", "Tester\Tester.csproj", "{A740B288-0A7B-4A0A-B74C-F86CF18BAD64}"
EndProject
Global
	GlobalSection(SolutionConfigurationPlatforms) = preSolution
		Debug|Any CPU = Debug|Any CPU
		Release|Any CPU = Release|Any CPU
	EndGlobalSection
	GlobalSection(ProjectConfigurationPlatforms) = postSolution
		{EB7C453D-2AA3-4615-9B02-645564365B55}.Debug|Any CPU.ActiveCfg = Debug|Any CPU
		{EB7C453D-2AA3-4615-9B02-645564365B55}.Debug|Any CPU.Build.0 = Debug|Any CPU
		{EB7C453D-2AA3-4615-9B02-645564365B55}.Release|Any CPU.ActiveCfg = Release|Any CPU
		{EB7C453D-2AA3-4615-9B02-645564365B55}.Release|Any CPU.Build.0 = Release|Any CPU
		{A740B288-0A7B-4A0A-B74C-F86CF18BAD64}.Debug|Any CPU.ActiveCfg = Debug|Any CPU
		{A740B288-0A7B-4A0A-B74C-F86CF18BAD64}.Debug|Any CPU.Build.0 = Debug|Any CPU
		{A740B288-0A7B-4A0A-B74C-F86CF18BAD64}.Release|Any CPU.ActiveCfg = Release|Any CPU
		{A740B288-0A7B-4A0A-B74C-F86CF18BAD64}.Release|Any CPU.Build.0 = Release|Any CPU
	EndGlobalSection
	GlobalSection(SolutionProperties) = preSolution
		HideSolutionNode = FALSE
	EndGlobalSection
EndGlobal
